// !$*UTF8*$!
{
	archiveVersion = 1;
	classes = {
	};
	objectVersion = 56;
	objects = {

/* Begin PBXBuildFile section */
		A68A4D602BF8F75500D8E512 /* LandmarksAppApp.swift in Sources */ = {isa = PBXBuildFile; fileRef = A68A4D5F2BF8F75500D8E512 /* LandmarksAppApp.swift */; };
		A68A4D622BF8F75500D8E512 /* ContentView.swift in Sources */ = {isa = PBXBuildFile; fileRef = A68A4D612BF8F75500D8E512 /* ContentView.swift */; };
		A68A4D642BF8F75600D8E512 /* Assets.xcassets in Resources */ = {isa = PBXBuildFile; fileRef = A68A4D632BF8F75600D8E512 /* Assets.xcassets */; };
		A68A4D672BF8F75600D8E512 /* Preview Assets.xcassets in Resources */ = {isa = PBXBuildFile; fileRef = A68A4D662BF8F75600D8E512 /* Preview Assets.xcassets */; };
		A68A4D712BF8F75600D8E512 /* LandmarksAppTests.swift in Sources */ = {isa = PBXBuildFile; fileRef = A68A4D702BF8F75600D8E512 /* LandmarksAppTests.swift */; };
		A68A4D7B2BF8F75600D8E512 /* LandmarksAppUITests.swift in Sources */ = {isa = PBXBuildFile; fileRef = A68A4D7A2BF8F75600D8E512 /* LandmarksAppUITests.swift */; };
		A68A4D7D2BF8F75600D8E512 /* LandmarksAppUITestsLaunchTests.swift in Sources */ = {isa = PBXBuildFile; fileRef = A68A4D7C2BF8F75600D8E512 /* LandmarksAppUITestsLaunchTests.swift */; };
		A68A4D8A2BF90B4900D8E512 /* CircleImage.swift in Sources */ = {isa = PBXBuildFile; fileRef = A68A4D892BF90B4900D8E512 /* CircleImage.swift */; };
		A68A4D8C2BF9124300D8E512 /* MapView.swift in Sources */ = {isa = PBXBuildFile; fileRef = A68A4D8B2BF9124300D8E512 /* MapView.swift */; };
/* End PBXBuildFile section */

/* Begin PBXContainerItemProxy section */
		A68A4D6D2BF8F75600D8E512 /* PBXContainerItemProxy */ = {
			isa = PBXContainerItemProxy;
			containerPortal = A68A4D542BF8F75400D8E512 /* Project object */;
			proxyType = 1;
			remoteGlobalIDString = A68A4D5B2BF8F75400D8E512;
			remoteInfo = LandmarksApp;
		};
		A68A4D772BF8F75600D8E512 /* PBXContainerItemProxy */ = {
			isa = PBXContainerItemProxy;
			containerPortal = A68A4D542BF8F75400D8E512 /* Project object */;
			proxyType = 1;
			remoteGlobalIDString = A68A4D5B2BF8F75400D8E512;
			remoteInfo = LandmarksApp;
		};
/* End PBXContainerItemProxy section */

/* Begin PBXFileReference section */
		A68A4D5C2BF8F75500D8E512 /* LandmarksApp.app */ = {isa = PBXFileReference; explicitFileType = wrapper.application; includeInIndex = 0; path = LandmarksApp.app; sourceTree = BUILT_PRODUCTS_DIR; };
		A68A4D5F2BF8F75500D8E512 /* LandmarksAppApp.swift */ = {isa = PBXFileReference; lastKnownFileType = sourcecode.swift; path = LandmarksAppApp.swift; sourceTree = "<group>"; };
		A68A4D612BF8F75500D8E512 /* ContentView.swift */ = {isa = PBXFileReference; indentWidth = 4; lastKnownFileType = sourcecode.swift; path = ContentView.swift; sourceTree = "<group>"; tabWidth = 4; usesTabs = 0; };
		A68A4D632BF8F75600D8E512 /* Assets.xcassets */ = {isa = PBXFileReference; lastKnownFileType = folder.assetcatalog; path = Assets.xcassets; sourceTree = "<group>"; };
		A68A4D662BF8F75600D8E512 /* Preview Assets.xcassets */ = {isa = PBXFileReference; lastKnownFileType = folder.assetcatalog; path = "Preview Assets.xcassets"; sourceTree = "<group>"; };
		A68A4D6C2BF8F75600D8E512 /* LandmarksAppTests.xctest */ = {isa = PBXFileReference; explicitFileType = wrapper.cfbundle; includeInIndex = 0; path = LandmarksAppTests.xctest; sourceTree = BUILT_PRODUCTS_DIR; };
		A68A4D702BF8F75600D8E512 /* LandmarksAppTests.swift */ = {isa = PBXFileReference; lastKnownFileType = sourcecode.swift; path = LandmarksAppTests.swift; sourceTree = "<group>"; };
		A68A4D762BF8F75600D8E512 /* LandmarksAppUITests.xctest */ = {isa = PBXFileReference; explicitFileType = wrapper.cfbundle; includeInIndex = 0; path = LandmarksAppUITests.xctest; sourceTree = BUILT_PRODUCTS_DIR; };
		A68A4D7A2BF8F75600D8E512 /* LandmarksAppUITests.swift */ = {isa = PBXFileReference; lastKnownFileType = sourcecode.swift; path = LandmarksAppUITests.swift; sourceTree = "<group>"; };
		A68A4D7C2BF8F75600D8E512 /* LandmarksAppUITestsLaunchTests.swift */ = {isa = PBXFileReference; lastKnownFileType = sourcecode.swift; path = LandmarksAppUITestsLaunchTests.swift; sourceTree = "<group>"; };
		A68A4D892BF90B4900D8E512 /* CircleImage.swift */ = {isa = PBXFileReference; lastKnownFileType = sourcecode.swift; path = CircleImage.swift; sourceTree = "<group>"; };
		A68A4D8B2BF9124300D8E512 /* MapView.swift */ = {isa = PBXFileReference; lastKnownFileType = sourcecode.swift; path = MapView.swift; sourceTree = "<group>"; };
/* End PBXFileReference section */

/* Begin PBXFrameworksBuildPhase section */
		A68A4D592BF8F75400D8E512 /* Frameworks */ = {
			isa = PBXFrameworksBuildPhase;
			buildActionMask = 2147483647;
			files = (
			);
			runOnlyForDeploymentPostprocessing = 0;
		};
		A68A4D692BF8F75600D8E512 /* Frameworks */ = {
			isa = PBXFrameworksBuildPhase;
			buildActionMask = 2147483647;
			files = (
			);
			runOnlyForDeploymentPostprocessing = 0;
		};
		A68A4D732BF8F75600D8E512 /* Frameworks */ = {
			isa = PBXFrameworksBuildPhase;
			buildActionMask = 2147483647;
			files = (
			);
			runOnlyForDeploymentPostprocessing = 0;
		};
/* End PBXFrameworksBuildPhase section */

/* Begin PBXGroup section */
		A68A4D532BF8F75400D8E512 = {
			isa = PBXGroup;
			children = (
				A68A4D5E2BF8F75500D8E512 /* LandmarksApp */,
				A68A4D6F2BF8F75600D8E512 /* LandmarksAppTests */,
				A68A4D792BF8F75600D8E512 /* LandmarksAppUITests */,
				A68A4D5D2BF8F75500D8E512 /* Products */,
			);
			sourceTree = "<group>";
		};
		A68A4D5D2BF8F75500D8E512 /* Products */ = {
			isa = PBXGroup;
			children = (
				A68A4D5C2BF8F75500D8E512 /* LandmarksApp.app */,
				A68A4D6C2BF8F75600D8E512 /* LandmarksAppTests.xctest */,
				A68A4D762BF8F75600D8E512 /* LandmarksAppUITests.xctest */,
			);
			name = Products;
			sourceTree = "<group>";
		};
		A68A4D5E2BF8F75500D8E512 /* LandmarksApp */ = {
			isa = PBXGroup;
			children = (
				A68A4D5F2BF8F75500D8E512 /* LandmarksAppApp.swift */,
				A68A4D612BF8F75500D8E512 /* ContentView.swift */,
				A68A4D632BF8F75600D8E512 /* Assets.xcassets */,
				A68A4D892BF90B4900D8E512 /* CircleImage.swift */,
				A68A4D8B2BF9124300D8E512 /* MapView.swift */,
				A68A4D652BF8F75600D8E512 /* Preview Content */,
			);
			path = LandmarksApp;
			sourceTree = "<group>";
		};
		A68A4D652BF8F75600D8E512 /* Preview Content */ = {
			isa = PBXGroup;
			children = (
				A68A4D662BF8F75600D8E512 /* Preview Assets.xcassets */,
			);
			path = "Preview Content";
			sourceTree = "<group>";
		};
		A68A4D6F2BF8F75600D8E512 /* LandmarksAppTests */ = {
			isa = PBXGroup;
			children = (
				A68A4D702BF8F75600D8E512 /* LandmarksAppTests.swift */,
			);
			path = LandmarksAppTests;
			sourceTree = "<group>";
		};
		A68A4D792BF8F75600D8E512 /* LandmarksAppUITests */ = {
			isa = PBXGroup;
			children = (
				A68A4D7A2BF8F75600D8E512 /* LandmarksAppUITests.swift */,
				A68A4D7C2BF8F75600D8E512 /* LandmarksAppUITestsLaunchTests.swift */,
			);
			path = LandmarksAppUITests;
			sourceTree = "<group>";
		};
/* End PBXGroup section */

/* Begin PBXNativeTarget section */
		A68A4D5B2BF8F75400D8E512 /* LandmarksApp */ = {
			isa = PBXNativeTarget;
			buildConfigurationList = A68A4D802BF8F75600D8E512 /* Build configuration list for PBXNativeTarget "LandmarksApp" */;
			buildPhases = (
				A68A4D582BF8F75400D8E512 /* Sources */,
				A68A4D592BF8F75400D8E512 /* Frameworks */,
				A68A4D5A2BF8F75400D8E512 /* Resources */,
			);
			buildRules = (
			);
			dependencies = (
			);
			name = LandmarksApp;
			productName = LandmarksApp;
			productReference = A68A4D5C2BF8F75500D8E512 /* LandmarksApp.app */;
			productType = "com.apple.product-type.application";
		};
		A68A4D6B2BF8F75600D8E512 /* LandmarksAppTests */ = {
			isa = PBXNativeTarget;
			buildConfigurationList = A68A4D832BF8F75600D8E512 /* Build configuration list for PBXNativeTarget "LandmarksAppTests" */;
			buildPhases = (
				A68A4D682BF8F75600D8E512 /* Sources */,
				A68A4D692BF8F75600D8E512 /* Frameworks */,
				A68A4D6A2BF8F75600D8E512 /* Resources */,
			);
			buildRules = (
			);
			dependencies = (
				A68A4D6E2BF8F75600D8E512 /* PBXTargetDependency */,
			);
			name = LandmarksAppTests;
			productName = LandmarksAppTests;
			productReference = A68A4D6C2BF8F75600D8E512 /* LandmarksAppTests.xctest */;
			productType = "com.apple.product-type.bundle.unit-test";
		};
		A68A4D752BF8F75600D8E512 /* LandmarksAppUITests */ = {
			isa = PBXNativeTarget;
			buildConfigurationList = A68A4D862BF8F75600D8E512 /* Build configuration list for PBXNativeTarget "LandmarksAppUITests" */;
			buildPhases = (
				A68A4D722BF8F75600D8E512 /* Sources */,
				A68A4D732BF8F75600D8E512 /* Frameworks */,
				A68A4D742BF8F75600D8E512 /* Resources */,
			);
			buildRules = (
			);
			dependencies = (
				A68A4D782BF8F75600D8E512 /* PBXTargetDependency */,
			);
			name = LandmarksAppUITests;
			productName = LandmarksAppUITests;
			productReference = A68A4D762BF8F75600D8E512 /* LandmarksAppUITests.xctest */;
			productType = "com.apple.product-type.bundle.ui-testing";
		};
/* End PBXNativeTarget section */

/* Begin PBXProject section */
		A68A4D542BF8F75400D8E512 /* Project object */ = {
			isa = PBXProject;
			attributes = {
				BuildIndependentTargetsInParallel = 1;
				LastSwiftUpdateCheck = 1420;
				LastUpgradeCheck = 1420;
				TargetAttributes = {
					A68A4D5B2BF8F75400D8E512 = {
						CreatedOnToolsVersion = 14.2;
					};
					A68A4D6B2BF8F75600D8E512 = {
						CreatedOnToolsVersion = 14.2;
						TestTargetID = A68A4D5B2BF8F75400D8E512;
					};
					A68A4D752BF8F75600D8E512 = {
						CreatedOnToolsVersion = 14.2;
						TestTargetID = A68A4D5B2BF8F75400D8E512;
					};
				};
			};
			buildConfigurationList = A68A4D572BF8F75400D8E512 /* Build configuration list for PBXProject "LandmarksApp" */;
			compatibilityVersion = "Xcode 14.0";
			developmentRegion = en;
			hasScannedForEncodings = 0;
			knownRegions = (
				en,
				Base,
			);
			mainGroup = A68A4D532BF8F75400D8E512;
			productRefGroup = A68A4D5D2BF8F75500D8E512 /* Products */;
			projectDirPath = "";
			projectRoot = "";
			targets = (
				A68A4D5B2BF8F75400D8E512 /* LandmarksApp */,
				A68A4D6B2BF8F75600D8E512 /* LandmarksAppTests */,
				A68A4D752BF8F75600D8E512 /* LandmarksAppUITests */,
			);
		};
/* End PBXProject section */

/* Begin PBXResourcesBuildPhase section */
		A68A4D5A2BF8F75400D8E512 /* Resources */ = {
			isa = PBXResourcesBuildPhase;
			buildActionMask = 2147483647;
			files = (
				A68A4D672BF8F75600D8E512 /* Preview Assets.xcassets in Resources */,
				A68A4D642BF8F75600D8E512 /* Assets.xcassets in Resources */,
			);
			runOnlyForDeploymentPostprocessing = 0;
		};
		A68A4D6A2BF8F75600D8E512 /* Resources */ = {
			isa = PBXResourcesBuildPhase;
			buildActionMask = 2147483647;
			files = (
			);
			runOnlyForDeploymentPostprocessing = 0;
		};
		A68A4D742BF8F75600D8E512 /* Resources */ = {
			isa = PBXResourcesBuildPhase;
			buildActionMask = 2147483647;
			files = (
			);
			runOnlyForDeploymentPostprocessing = 0;
		};
/* End PBXResourcesBuildPhase section */

/* Begin PBXSourcesBuildPhase section */
		A68A4D582BF8F75400D8E512 /* Sources */ = {
			isa = PBXSourcesBuildPhase;
			buildActionMask = 2147483647;
			files = (
				A68A4D622BF8F75500D8E512 /* ContentView.swift in Sources */,
				A68A4D8C2BF9124300D8E512 /* MapView.swift in Sources */,
				A68A4D602BF8F75500D8E512 /* LandmarksAppApp.swift in Sources */,
				A68A4D8A2BF90B4900D8E512 /* CircleImage.swift in Sources */,
			);
			runOnlyForDeploymentPostprocessing = 0;
		};
		A68A4D682BF8F75600D8E512 /* Sources */ = {
			isa = PBXSourcesBuildPhase;
			buildActionMask = 2147483647;
			files = (
				A68A4D712BF8F75600D8E512 /* LandmarksAppTests.swift in Sources */,
			);
			runOnlyForDeploymentPostprocessing = 0;
		};
		A68A4D722BF8F75600D8E512 /* Sources */ = {
			isa = PBXSourcesBuildPhase;
			buildActionMask = 2147483647;
			files = (
				A68A4D7D2BF8F75600D8E512 /* LandmarksAppUITestsLaunchTests.swift in Sources */,
				A68A4D7B2BF8F75600D8E512 /* LandmarksAppUITests.swift in Sources */,
			);
			runOnlyForDeploymentPostprocessing = 0;
		};
/* End PBXSourcesBuildPhase section */

/* Begin PBXTargetDependency section */
		A68A4D6E2BF8F75600D8E512 /* PBXTargetDependency */ = {
			isa = PBXTargetDependency;
			target = A68A4D5B2BF8F75400D8E512 /* LandmarksApp */;
			targetProxy = A68A4D6D2BF8F75600D8E512 /* PBXContainerItemProxy */;
		};
		A68A4D782BF8F75600D8E512 /* PBXTargetDependency */ = {
			isa = PBXTargetDependency;
			target = A68A4D5B2BF8F75400D8E512 /* LandmarksApp */;
			targetProxy = A68A4D772BF8F75600D8E512 /* PBXContainerItemProxy */;
		};
/* End PBXTargetDependency section */

/* Begin XCBuildConfiguration section */
		A68A4D7E2BF8F75600D8E512 /* Debug */ = {
			isa = XCBuildConfiguration;
			buildSettings = {
				ALWAYS_SEARCH_USER_PATHS = NO;
				CLANG_ANALYZER_NONNULL = YES;
				CLANG_ANALYZER_NUMBER_OBJECT_CONVERSION = YES_AGGRESSIVE;
				CLANG_CXX_LANGUAGE_STANDARD = "gnu++20";
				CLANG_ENABLE_MODULES = YES;
				CLANG_ENABLE_OBJC_ARC = YES;
				CLANG_ENABLE_OBJC_WEAK = YES;
				CLANG_WARN_BLOCK_CAPTURE_AUTORELEASING = YES;
				CLANG_WARN_BOOL_CONVERSION = YES;
				CLANG_WARN_COMMA = YES;
				CLANG_WARN_CONSTANT_CONVERSION = YES;
				CLANG_WARN_DEPRECATED_OBJC_IMPLEMENTATIONS = YES;
				CLANG_WARN_DIRECT_OBJC_ISA_USAGE = YES_ERROR;
				CLANG_WARN_DOCUMENTATION_COMMENTS = YES;
				CLANG_WARN_EMPTY_BODY = YES;
				CLANG_WARN_ENUM_CONVERSION = YES;
				CLANG_WARN_INFINITE_RECURSION = YES;
				CLANG_WARN_INT_CONVERSION = YES;
				CLANG_WARN_NON_LITERAL_NULL_CONVERSION = YES;
				CLANG_WARN_OBJC_IMPLICIT_RETAIN_SELF = YES;
				CLANG_WARN_OBJC_LITERAL_CONVERSION = YES;
				CLANG_WARN_OBJC_ROOT_CLASS = YES_ERROR;
				CLANG_WARN_QUOTED_INCLUDE_IN_FRAMEWORK_HEADER = YES;
				CLANG_WARN_RANGE_LOOP_ANALYSIS = YES;
				CLANG_WARN_STRICT_PROTOTYPES = YES;
				CLANG_WARN_SUSPICIOUS_MOVE = YES;
				CLANG_WARN_UNGUARDED_AVAILABILITY = YES_AGGRESSIVE;
				CLANG_WARN_UNREACHABLE_CODE = YES;
				CLANG_WARN__DUPLICATE_METHOD_MATCH = YES;
				COPY_PHASE_STRIP = NO;
				DEBUG_INFORMATION_FORMAT = dwarf;
				ENABLE_STRICT_OBJC_MSGSEND = YES;
				ENABLE_TESTABILITY = YES;
				GCC_C_LANGUAGE_STANDARD = gnu11;
				GCC_DYNAMIC_NO_PIC = NO;
				GCC_NO_COMMON_BLOCKS = YES;
				GCC_OPTIMIZATION_LEVEL = 0;
				GCC_PREPROCESSOR_DEFINITIONS = (
					"DEBUG=1",
					"$(inherited)",
				);
				GCC_WARN_64_TO_32_BIT_CONVERSION = YES;
				GCC_WARN_ABOUT_RETURN_TYPE = YES_ERROR;
				GCC_WARN_UNDECLARED_SELECTOR = YES;
				GCC_WARN_UNINITIALIZED_AUTOS = YES_AGGRESSIVE;
				GCC_WARN_UNUSED_FUNCTION = YES;
				GCC_WARN_UNUSED_VARIABLE = YES;
				IPHONEOS_DEPLOYMENT_TARGET = 16.2;
				MTL_ENABLE_DEBUG_INFO = INCLUDE_SOURCE;
				MTL_FAST_MATH = YES;
				ONLY_ACTIVE_ARCH = YES;
				SDKROOT = iphoneos;
				SWIFT_ACTIVE_COMPILATION_CONDITIONS = DEBUG;
				SWIFT_OPTIMIZATION_LEVEL = "-Onone";
			};
			name = Debug;
		};
		A68A4D7F2BF8F75600D8E512 /* Release */ = {
			isa = XCBuildConfiguration;
			buildSettings = {
				ALWAYS_SEARCH_USER_PATHS = NO;
				CLANG_ANALYZER_NONNULL = YES;
				CLANG_ANALYZER_NUMBER_OBJECT_CONVERSION = YES_AGGRESSIVE;
				CLANG_CXX_LANGUAGE_STANDARD = "gnu++20";
				CLANG_ENABLE_MODULES = YES;
				CLANG_ENABLE_OBJC_ARC = YES;
				CLANG_ENABLE_OBJC_WEAK = YES;
				CLANG_WARN_BLOCK_CAPTURE_AUTORELEASING = YES;
				CLANG_WARN_BOOL_CONVERSION = YES;
				CLANG_WARN_COMMA = YES;
				CLANG_WARN_CONSTANT_CONVERSION = YES;
				CLANG_WARN_DEPRECATED_OBJC_IMPLEMENTATIONS = YES;
				CLANG_WARN_DIRECT_OBJC_ISA_USAGE = YES_ERROR;
				CLANG_WARN_DOCUMENTATION_COMMENTS = YES;
				CLANG_WARN_EMPTY_BODY = YES;
				CLANG_WARN_ENUM_CONVERSION = YES;
				CLANG_WARN_INFINITE_RECURSION = YES;
				CLANG_WARN_INT_CONVERSION = YES;
				CLANG_WARN_NON_LITERAL_NULL_CONVERSION = YES;
				CLANG_WARN_OBJC_IMPLICIT_RETAIN_SELF = YES;
				CLANG_WARN_OBJC_LITERAL_CONVERSION = YES;
				CLANG_WARN_OBJC_ROOT_CLASS = YES_ERROR;
				CLANG_WARN_QUOTED_INCLUDE_IN_FRAMEWORK_HEADER = YES;
				CLANG_WARN_RANGE_LOOP_ANALYSIS = YES;
				CLANG_WARN_STRICT_PROTOTYPES = YES;
				CLANG_WARN_SUSPICIOUS_MOVE = YES;
				CLANG_WARN_UNGUARDED_AVAILABILITY = YES_AGGRESSIVE;
				CLANG_WARN_UNREACHABLE_CODE = YES;
				CLANG_WARN__DUPLICATE_METHOD_MATCH = YES;
				COPY_PHASE_STRIP = NO;
				DEBUG_INFORMATION_FORMAT = "dwarf-with-dsym";
				ENABLE_NS_ASSERTIONS = NO;
				ENABLE_STRICT_OBJC_MSGSEND = YES;
				GCC_C_LANGUAGE_STANDARD = gnu11;
				GCC_NO_COMMON_BLOCKS = YES;
				GCC_WARN_64_TO_32_BIT_CONVERSION = YES;
				GCC_WARN_ABOUT_RETURN_TYPE = YES_ERROR;
				GCC_WARN_UNDECLARED_SELECTOR = YES;
				GCC_WARN_UNINITIALIZED_AUTOS = YES_AGGRESSIVE;
				GCC_WARN_UNUSED_FUNCTION = YES;
				GCC_WARN_UNUSED_VARIABLE = YES;
				IPHONEOS_DEPLOYMENT_TARGET = 16.2;
				MTL_ENABLE_DEBUG_INFO = NO;
				MTL_FAST_MATH = YES;
				SDKROOT = iphoneos;
				SWIFT_COMPILATION_MODE = wholemodule;
				SWIFT_OPTIMIZATION_LEVEL = "-O";
				VALIDATE_PRODUCT = YES;
			};
			name = Release;
		};
		A68A4D812BF8F75600D8E512 /* Debug */ = {
			isa = XCBuildConfiguration;
			buildSettings = {
				ASSETCATALOG_COMPILER_APPICON_NAME = AppIcon;
				ASSETCATALOG_COMPILER_GLOBAL_ACCENT_COLOR_NAME = AccentColor;
				CODE_SIGN_STYLE = Automatic;
				CURRENT_PROJECT_VERSION = 1;
				DEVELOPMENT_ASSET_PATHS = "\"LandmarksApp/Preview Content\"";
				ENABLE_PREVIEWS = YES;
				GENERATE_INFOPLIST_FILE = YES;
				INFOPLIST_KEY_UIApplicationSceneManifest_Generation = YES;
				INFOPLIST_KEY_UIApplicationSupportsIndirectInputEvents = YES;
				INFOPLIST_KEY_UILaunchScreen_Generation = YES;
				INFOPLIST_KEY_UISupportedInterfaceOrientations_iPad = "UIInterfaceOrientationPortrait UIInterfaceOrientationPortraitUpsideDown UIInterfaceOrientationLandscapeLeft UIInterfaceOrientationLandscapeRight";
				INFOPLIST_KEY_UISupportedInterfaceOrientations_iPhone = "UIInterfaceOrientationPortrait UIInterfaceOrientationLandscapeLeft UIInterfaceOrientationLandscapeRight";
				LD_RUNPATH_SEARCH_PATHS = (
					"$(inherited)",
					"@executable_path/Frameworks",
				);
				MARKETING_VERSION = 1.0;
				PRODUCT_BUNDLE_IDENTIFIER = bumblebee.LandmarksApp;
				PRODUCT_NAME = "$(TARGET_NAME)";
				SWIFT_EMIT_LOC_STRINGS = YES;
				SWIFT_VERSION = 5.0;
				TARGETED_DEVICE_FAMILY = "1,2";
			};
			name = Debug;
		};
		A68A4D822BF8F75600D8E512 /* Release */ = {
			isa = XCBuildConfiguration;
			buildSettings = {
				ASSETCATALOG_COMPILER_APPICON_NAME = AppIcon;
				ASSETCATALOG_COMPILER_GLOBAL_ACCENT_COLOR_NAME = AccentColor;
				CODE_SIGN_STYLE = Automatic;
				CURRENT_PROJECT_VERSION = 1;
				DEVELOPMENT_ASSET_PATHS = "\"LandmarksApp/Preview Content\"";
				ENABLE_PREVIEWS = YES;
				GENERATE_INFOPLIST_FILE = YES;
				INFOPLIST_KEY_UIApplicationSceneManifest_Generation = YES;
				INFOPLIST_KEY_UIApplicationSupportsIndirectInputEvents = YES;
				INFOPLIST_KEY_UILaunchScreen_Generation = YES;
				INFOPLIST_KEY_UISupportedInterfaceOrientations_iPad = "UIInterfaceOrientationPortrait UIInterfaceOrientationPortraitUpsideDown UIInterfaceOrientationLandscapeLeft UIInterfaceOrientationLandscapeRight";
				INFOPLIST_KEY_UISupportedInterfaceOrientations_iPhone = "UIInterfaceOrientationPortrait UIInterfaceOrientationLandscapeLeft UIInterfaceOrientationLandscapeRight";
				LD_RUNPATH_SEARCH_PATHS = (
					"$(inherited)",
					"@executable_path/Frameworks",
				);
				MARKETING_VERSION = 1.0;
				PRODUCT_BUNDLE_IDENTIFIER = bumblebee.LandmarksApp;
				PRODUCT_NAME = "$(TARGET_NAME)";
				SWIFT_EMIT_LOC_STRINGS = YES;
				SWIFT_VERSION = 5.0;
				TARGETED_DEVICE_FAMILY = "1,2";
			};
			name = Release;
		};
		A68A4D842BF8F75600D8E512 /* Debug */ = {
			isa = XCBuildConfiguration;
			buildSettings = {
				ALWAYS_EMBED_SWIFT_STANDARD_LIBRARIES = YES;
				BUNDLE_LOADER = "$(TEST_HOST)";
				CODE_SIGN_STYLE = Automatic;
				CURRENT_PROJECT_VERSION = 1;
				GENERATE_INFOPLIST_FILE = YES;
				IPHONEOS_DEPLOYMENT_TARGET = 16.2;
				MARKETING_VERSION = 1.0;
				PRODUCT_BUNDLE_IDENTIFIER = bumblebee.LandmarksAppTests;
				PRODUCT_NAME = "$(TARGET_NAME)";
				SWIFT_EMIT_LOC_STRINGS = NO;
				SWIFT_VERSION = 5.0;
				TARGETED_DEVICE_FAMILY = "1,2";
				TEST_HOST = "$(BUILT_PRODUCTS_DIR)/LandmarksApp.app/$(BUNDLE_EXECUTABLE_FOLDER_PATH)/LandmarksApp";
			};
			name = Debug;
		};
		A68A4D852BF8F75600D8E512 /* Release */ = {
			isa = XCBuildConfiguration;
			buildSettings = {
				ALWAYS_EMBED_SWIFT_STANDARD_LIBRARIES = YES;
				BUNDLE_LOADER = "$(TEST_HOST)";
				CODE_SIGN_STYLE = Automatic;
				CURRENT_PROJECT_VERSION = 1;
				GENERATE_INFOPLIST_FILE = YES;
				IPHONEOS_DEPLOYMENT_TARGET = 16.2;
				MARKETING_VERSION = 1.0;
				PRODUCT_BUNDLE_IDENTIFIER = bumblebee.LandmarksAppTests;
				PRODUCT_NAME = "$(TARGET_NAME)";
				SWIFT_EMIT_LOC_STRINGS = NO;
				SWIFT_VERSION = 5.0;
				TARGETED_DEVICE_FAMILY = "1,2";
				TEST_HOST = "$(BUILT_PRODUCTS_DIR)/LandmarksApp.app/$(BUNDLE_EXECUTABLE_FOLDER_PATH)/LandmarksApp";
			};
			name = Release;
		};
		A68A4D872BF8F75600D8E512 /* Debug */ = {
			isa = XCBuildConfiguration;
			buildSettings = {
				ALWAYS_EMBED_SWIFT_STANDARD_LIBRARIES = YES;
				CODE_SIGN_STYLE = Automatic;
				CURRENT_PROJECT_VERSION = 1;
				GENERATE_INFOPLIST_FILE = YES;
				MARKETING_VERSION = 1.0;
				PRODUCT_BUNDLE_IDENTIFIER = bumblebee.LandmarksAppUITests;
				PRODUCT_NAME = "$(TARGET_NAME)";
				SWIFT_EMIT_LOC_STRINGS = NO;
				SWIFT_VERSION = 5.0;
				TARGETED_DEVICE_FAMILY = "1,2";
				TEST_TARGET_NAME = LandmarksApp;
			};
			name = Debug;
		};
		A68A4D882BF8F75600D8E512 /* Release */ = {
			isa = XCBuildConfiguration;
			buildSettings = {
				ALWAYS_EMBED_SWIFT_STANDARD_LIBRARIES = YES;
				CODE_SIGN_STYLE = Automatic;
				CURRENT_PROJECT_VERSION = 1;
				GENERATE_INFOPLIST_FILE = YES;
				MARKETING_VERSION = 1.0;
				PRODUCT_BUNDLE_IDENTIFIER = bumblebee.LandmarksAppUITests;
				PRODUCT_NAME = "$(TARGET_NAME)";
				SWIFT_EMIT_LOC_STRINGS = NO;
				SWIFT_VERSION = 5.0;
				TARGETED_DEVICE_FAMILY = "1,2";
				TEST_TARGET_NAME = LandmarksApp;
			};
			name = Release;
		};
/* End XCBuildConfiguration section */

/* Begin XCConfigurationList section */
		A68A4D572BF8F75400D8E512 /* Build configuration list for PBXProject "LandmarksApp" */ = {
			isa = XCConfigurationList;
			buildConfigurations = (
				A68A4D7E2BF8F75600D8E512 /* Debug */,
				A68A4D7F2BF8F75600D8E512 /* Release */,
			);
			defaultConfigurationIsVisible = 0;
			defaultConfigurationName = Release;
		};
		A68A4D802BF8F75600D8E512 /* Build configuration list for PBXNativeTarget "LandmarksApp" */ = {
			isa = XCConfigurationList;
			buildConfigurations = (
				A68A4D812BF8F75600D8E512 /* Debug */,
				A68A4D822BF8F75600D8E512 /* Release */,
			);
			defaultConfigurationIsVisible = 0;
			defaultConfigurationName = Release;
		};
		A68A4D832BF8F75600D8E512 /* Build configuration list for PBXNativeTarget "LandmarksAppTests" */ = {
			isa = XCConfigurationList;
			buildConfigurations = (
				A68A4D842BF8F75600D8E512 /* Debug */,
				A68A4D852BF8F75600D8E512 /* Release */,
			);
			defaultConfigurationIsVisible = 0;
			defaultConfigurationName = Release;
		};
		A68A4D862BF8F75600D8E512 /* Build configuration list for PBXNativeTarget "LandmarksAppUITests" */ = {
			isa = XCConfigurationList;
			buildConfigurations = (
				A68A4D872BF8F75600D8E512 /* Debug */,
				A68A4D882BF8F75600D8E512 /* Release */,
			);
			defaultConfigurationIsVisible = 0;
			defaultConfigurationName = Release;
		};
/* End XCConfigurationList section */
	};
	rootObject = A68A4D542BF8F75400D8E512 /* Project object */;
}
